
Microsoft Visual Studio Solution File, Format Version 11.00
# Visual Studio 2010
Project("{FAE04EC0-301F-11D3-BF4B-00C04F79EFBC}") = "SaCheats", "SaCheats.csproj", "{74B9C797-7780-4543-863A-C5512AD0E1CD}"
EndProject
Global
	GlobalSection(SolutionConfigurationPlatforms) = preSolution
		Debug|Any CPU = Debug|Any CPU
		Release|Any CPU = Release|Any CPU
	EndGlobalSection
	GlobalSection(ProjectConfigurationPlatforms) = postSolution
		{74B9C797-7780-4543-863A-C5512AD0E1CD}.Debug|Any CPU.ActiveCfg = Debug|Any CPU
		{74B9C797-7780-4543-863A-C5512AD0E1CD}.Debug|Any CPU.Build.0 = Debug|Any CPU
		{74B9C797-7780-4543-863A-C5512AD0E1CD}.Release|Any CPU.ActiveCfg = Release|Any CPU
		{74B9C797-7780-4543-863A-C5512AD0E1CD}.Release|Any CPU.Build.0 = Release|Any CPU
	EndGlobalSection
	GlobalSection(SolutionProperties) = preSolution
		HideSolutionNode = FALSE
	EndGlobalSection
EndGlobal
